
Microsoft Visual Studio Solution File, Format Version 12.00
# Visual Studio Version 16
VisualStudioVersion = 25.0.1700.6
MinimumVisualStudioVersion = 10.0.40219.1
Project("{FAE04EC0-301F-11D3-BF4B-00C04F79EFBC}") = "T05-Ejercicio8", "T05-Ejercicio8.csproj", "{91C350B5-6E3F-422C-B818-59F81E77D9C0}"
EndProject
Global
	GlobalSection(SolutionConfigurationPlatforms) = preSolution
		Debug|Any CPU = Debug|Any CPU
		Release|Any CPU = Release|Any CPU
	EndGlobalSection
	GlobalSection(ProjectConfigurationPlatforms) = postSolution
		{91C350B5-6E3F-422C-B818-59F81E77D9C0}.Debug|Any CPU.ActiveCfg = Debug|Any CPU
		{91C350B5-6E3F-422C-B818-59F81E77D9C0}.Debug|Any CPU.Build.0 = Debug|Any CPU
		{91C350B5-6E3F-422C-B818-59F81E77D9C0}.Release|Any CPU.ActiveCfg = Release|Any CPU
		{91C350B5-6E3F-422C-B818-59F81E77D9C0}.Release|Any CPU.Build.0 = Release|Any CPU
	EndGlobalSection
	GlobalSection(SolutionProperties) = preSolution
		HideSolutionNode = FALSE
	EndGlobalSection
	GlobalSection(ExtensibilityGlobals) = postSolution
		SolutionGuid = {6FF1B548-6262-420A-B8C7-BF37DE2C0812}
	EndGlobalSection
EndGlobal
